
Microsoft Visual Studio Solution File, Format Version 12.00
# Visual Studio Version 16
VisualStudioVersion = 16.0.29709.97
MinimumVisualStudioVersion = 10.0.40219.1
Project("{FAE04EC0-301F-11D3-BF4B-00C04F79EFBC}") = "GC_LAB_3.3", "GC_LAB_3.3\GC_LAB_3.3.csproj", "{200703F3-2C26-459C-B065-9B581AA2643A}"
EndProject
Global
	GlobalSection(SolutionConfigurationPlatforms) = preSolution
		Debug|Any CPU = Debug|Any CPU
		Release|Any CPU = Release|Any CPU
	EndGlobalSection
	GlobalSection(ProjectConfigurationPlatforms) = postSolution
		{200703F3-2C26-459C-B065-9B581AA2643A}.Debug|Any CPU.ActiveCfg = Debug|Any CPU
		{200703F3-2C26-459C-B065-9B581AA2643A}.Debug|Any CPU.Build.0 = Debug|Any CPU
		{200703F3-2C26-459C-B065-9B581AA2643A}.Release|Any CPU.ActiveCfg = Release|Any CPU
		{200703F3-2C26-459C-B065-9B581AA2643A}.Release|Any CPU.Build.0 = Release|Any CPU
	EndGlobalSection
	GlobalSection(SolutionProperties) = preSolution
		HideSolutionNode = FALSE
	EndGlobalSection
	GlobalSection(ExtensibilityGlobals) = postSolution
		SolutionGuid = {EDBA5F4D-093B-42EA-BA72-893A6ACA1CF5}
	EndGlobalSection
EndGlobal
